
Microsoft Visual Studio Solution File, Format Version 12.00
# Visual Studio Version 17
VisualStudioVersion = 17.8.34322.80
MinimumVisualStudioVersion = 10.0.40219.1
Project("{FAE04EC0-301F-11D3-BF4B-00C04F79EFBC}") = "Pomodoro", "Pomodoro.csproj", "{C34A5FC2-EA2D-43A8-BF81-D3E337BD3A00}"
EndProject
Global
	GlobalSection(SolutionConfigurationPlatforms) = preSolution
		Debug|Any CPU = Debug|Any CPU
		Release|Any CPU = Release|Any CPU
	EndGlobalSection
	GlobalSection(ProjectConfigurationPlatforms) = postSolution
		{C34A5FC2-EA2D-43A8-BF81-D3E337BD3A00}.Debug|Any CPU.ActiveCfg = Debug|Any CPU
		{C34A5FC2-EA2D-43A8-BF81-D3E337BD3A00}.Debug|Any CPU.Build.0 = Debug|Any CPU
		{C34A5FC2-EA2D-43A8-BF81-D3E337BD3A00}.Release|Any CPU.ActiveCfg = Release|Any CPU
		{C34A5FC2-EA2D-43A8-BF81-D3E337BD3A00}.Release|Any CPU.Build.0 = Release|Any CPU
	EndGlobalSection
	GlobalSection(SolutionProperties) = preSolution
		HideSolutionNode = FALSE
	EndGlobalSection
	GlobalSection(ExtensibilityGlobals) = postSolution
		SolutionGuid = {E9224163-6B37-49D0-B738-801C7E93A919}
	EndGlobalSection
EndGlobal
